
Microsoft Visual Studio Solution File, Format Version 12.00
# Visual Studio Version 17
VisualStudioVersion = 17.8.34330.188
MinimumVisualStudioVersion = 10.0.40219.1
Project("{00D1A9C2-B5F0-4AF3-8072-F6C62B433612}") = "Database2", "Database2\Database2.sqlproj", "{1250AEE4-FDD0-4336-A656-D84F41551E77}"
EndProject
Global
	GlobalSection(SolutionConfigurationPlatforms) = preSolution
		Debug|Any CPU = Debug|Any CPU
		Release|Any CPU = Release|Any CPU
	EndGlobalSection
	GlobalSection(ProjectConfigurationPlatforms) = postSolution
		{1250AEE4-FDD0-4336-A656-D84F41551E77}.Debug|Any CPU.ActiveCfg = Debug|Any CPU
		{1250AEE4-FDD0-4336-A656-D84F41551E77}.Debug|Any CPU.Build.0 = Debug|Any CPU
		{1250AEE4-FDD0-4336-A656-D84F41551E77}.Debug|Any CPU.Deploy.0 = Debug|Any CPU
		{1250AEE4-FDD0-4336-A656-D84F41551E77}.Release|Any CPU.ActiveCfg = Release|Any CPU
		{1250AEE4-FDD0-4336-A656-D84F41551E77}.Release|Any CPU.Build.0 = Release|Any CPU
		{1250AEE4-FDD0-4336-A656-D84F41551E77}.Release|Any CPU.Deploy.0 = Release|Any CPU
	EndGlobalSection
	GlobalSection(SolutionProperties) = preSolution
		HideSolutionNode = FALSE
	EndGlobalSection
	GlobalSection(ExtensibilityGlobals) = postSolution
		SolutionGuid = {35210196-2446-4283-B617-4FC3B862EB8B}
	EndGlobalSection
EndGlobal
